
Microsoft Visual Studio Solution File, Format Version 12.00
# Visual Studio Version 16
VisualStudioVersion = 16.0.31911.196
MinimumVisualStudioVersion = 10.0.40219.1
Project("{FAE04EC0-301F-11D3-BF4B-00C04F79EFBC}") = "Lab7-Entity", "Lab7-Entity\Lab7-Entity.csproj", "{9FEBF661-F59C-4B83-BA94-B378DE299346}"
EndProject
Global
	GlobalSection(SolutionConfigurationPlatforms) = preSolution
		Debug|Any CPU = Debug|Any CPU
		Release|Any CPU = Release|Any CPU
	EndGlobalSection
	GlobalSection(ProjectConfigurationPlatforms) = postSolution
		{9FEBF661-F59C-4B83-BA94-B378DE299346}.Debug|Any CPU.ActiveCfg = Debug|Any CPU
		{9FEBF661-F59C-4B83-BA94-B378DE299346}.Debug|Any CPU.Build.0 = Debug|Any CPU
		{9FEBF661-F59C-4B83-BA94-B378DE299346}.Release|Any CPU.ActiveCfg = Release|Any CPU
		{9FEBF661-F59C-4B83-BA94-B378DE299346}.Release|Any CPU.Build.0 = Release|Any CPU
	EndGlobalSection
	GlobalSection(SolutionProperties) = preSolution
		HideSolutionNode = FALSE
	EndGlobalSection
	GlobalSection(ExtensibilityGlobals) = postSolution
		SolutionGuid = {C6DADD50-B2AA-4486-A190-D1CBE4F56167}
	EndGlobalSection
EndGlobal
